// !$*UTF8*$!
{
	archiveVersion = 1;
	classes = {
	};
	objectVersion = 46;
	objects = {

/* Begin PBXBuildFile section */
		6909A7301D00180E00F65317 /* Location.swift in Sources */ = {isa = PBXBuildFile; fileRef = 6909A72F1D00180E00F65317 /* Location.swift */; };
		6909A7321D003C3A00F65317 /* AutoCompleteTextField.swift in Sources */ = {isa = PBXBuildFile; fileRef = 6909A7311D003C3A00F65317 /* AutoCompleteTextField.swift */; };
		691A81411BCC244B003AAA53 /* Property.swift in Sources */ = {isa = PBXBuildFile; fileRef = 691A81401BCC244B003AAA53 /* Property.swift */; };
		691A81441BCC2A7B003AAA53 /* PropertyCell.swift in Sources */ = {isa = PBXBuildFile; fileRef = 691A81431BCC2A7B003AAA53 /* PropertyCell.swift */; };
		691D6A5E1CA29D9600FC43E2 /* KeyboardListView.xib in Resources */ = {isa = PBXBuildFile; fileRef = 691D6A5C1CA29D9600FC43E2 /* KeyboardListView.xib */; };
		691D6A5F1CA29D9600FC43E2 /* KeyboardListView.swift in Sources */ = {isa = PBXBuildFile; fileRef = 691D6A5D1CA29D9600FC43E2 /* KeyboardListView.swift */; };
		691D6A611CA29E4800FC43E2 /* JSTextField.swift in Sources */ = {isa = PBXBuildFile; fileRef = 691D6A601CA29E4800FC43E2 /* JSTextField.swift */; };
		692359191B470B34008BFB61 /* MapViewController.swift in Sources */ = {isa = PBXBuildFile; fileRef = 692359181B470B34008BFB61 /* MapViewController.swift */; };
		6923591B1B47284F008BFB61 /* SettingControlView.swift in Sources */ = {isa = PBXBuildFile; fileRef = 6923591A1B47284F008BFB61 /* SettingControlView.swift */; };
		6923591F1B472EDD008BFB61 /* MapKit.framework in Frameworks */ = {isa = PBXBuildFile; fileRef = 6923591E1B472EDD008BFB61 /* MapKit.framework */; };
		692359211B473026008BFB61 /* Default-568h@2x.png in Resources */ = {isa = PBXBuildFile; fileRef = 692359201B473026008BFB61 /* Default-568h@2x.png */; };
		692359231B473ABD008BFB61 /* LocationManager.swift in Sources */ = {isa = PBXBuildFile; fileRef = 692359221B473ABD008BFB61 /* LocationManager.swift */; };
		693E5D791CA6BC69004F3E34 /* Settings.swift in Sources */ = {isa = PBXBuildFile; fileRef = 693E5D781CA6BC69004F3E34 /* Settings.swift */; };
		6954D6901C8C98310060EACA /* RangeSlider.swift in Sources */ = {isa = PBXBuildFile; fileRef = 6954D6851C8C98310060EACA /* RangeSlider.swift */; };
		6954D6911C8C98310060EACA /* JSMapView.swift in Sources */ = {isa = PBXBuildFile; fileRef = 6954D6861C8C98310060EACA /* JSMapView.swift */; };
		6954D6921C8C98310060EACA /* JSView.swift in Sources */ = {isa = PBXBuildFile; fileRef = 6954D6871C8C98310060EACA /* JSView.swift */; };
		6954D6931C8C98310060EACA /* JSSearchTableView.swift in Sources */ = {isa = PBXBuildFile; fileRef = 6954D6881C8C98310060EACA /* JSSearchTableView.swift */; };
		6954D6941C8C98310060EACA /* OverlayButton.swift in Sources */ = {isa = PBXBuildFile; fileRef = 6954D6891C8C98310060EACA /* OverlayButton.swift */; };
		6954D6951C8C98310060EACA /* JSAlertView.swift in Sources */ = {isa = PBXBuildFile; fileRef = 6954D68A1C8C98310060EACA /* JSAlertView.swift */; };
		6954D6961C8C98310060EACA /* AsyncButton.swift in Sources */ = {isa = PBXBuildFile; fileRef = 6954D68B1C8C98310060EACA /* AsyncButton.swift */; };
		6954D6971C8C98310060EACA /* AsyncImageView.swift in Sources */ = {isa = PBXBuildFile; fileRef = 6954D68C1C8C98310060EACA /* AsyncImageView.swift */; };
		6954D6981C8C98310060EACA /* ImageLoader.swift in Sources */ = {isa = PBXBuildFile; fileRef = 6954D68D1C8C98310060EACA /* ImageLoader.swift */; };
		6954D6991C8C98310060EACA /* RangeSliderThumbLayer.swift in Sources */ = {isa = PBXBuildFile; fileRef = 6954D68E1C8C98310060EACA /* RangeSliderThumbLayer.swift */; };
		6954D69A1C8C98310060EACA /* RangeSliderTrackLayer.swift in Sources */ = {isa = PBXBuildFile; fileRef = 6954D68F1C8C98310060EACA /* RangeSliderTrackLayer.swift */; };
		69832B191B1483CD00059CD1 /* AppDelegate.swift in Sources */ = {isa = PBXBuildFile; fileRef = 69832B181B1483CD00059CD1 /* AppDelegate.swift */; };
		69832B1E1B1483CD00059CD1 /* Main.storyboard in Resources */ = {isa = PBXBuildFile; fileRef = 69832B1C1B1483CD00059CD1 /* Main.storyboard */; };
		69832B201B1483CD00059CD1 /* Images.xcassets in Resources */ = {isa = PBXBuildFile; fileRef = 69832B1F1B1483CD00059CD1 /* Images.xcassets */; };
		69832B231B1483CD00059CD1 /* LaunchScreen.xib in Resources */ = {isa = PBXBuildFile; fileRef = 69832B211B1483CD00059CD1 /* LaunchScreen.xib */; };
		6993AFE41C910E3600668039 /* ExSlideMenuController.swift in Sources */ = {isa = PBXBuildFile; fileRef = 6993AFE31C910E3600668039 /* ExSlideMenuController.swift */; };
		6993AFE71C910E4200668039 /* SlideMenuController.swift in Sources */ = {isa = PBXBuildFile; fileRef = 6993AFE61C910E4200668039 /* SlideMenuController.swift */; };
		6993AFEB1C91124100668039 /* BaseTableViewCell.swift in Sources */ = {isa = PBXBuildFile; fileRef = 6993AFE81C91124100668039 /* BaseTableViewCell.swift */; };
		6993AFEC1C91124100668039 /* DataTableViewCell.swift in Sources */ = {isa = PBXBuildFile; fileRef = 6993AFE91C91124100668039 /* DataTableViewCell.swift */; };
		6993AFED1C91124100668039 /* DataTableViewCell.xib in Resources */ = {isa = PBXBuildFile; fileRef = 6993AFEA1C91124100668039 /* DataTableViewCell.xib */; };
		6993AFF41C91128C00668039 /* ImageHeaderView.swift in Sources */ = {isa = PBXBuildFile; fileRef = 6993AFF21C91128C00668039 /* ImageHeaderView.swift */; };
		6993AFF51C91128C00668039 /* ImageHeaderView.xib in Resources */ = {isa = PBXBuildFile; fileRef = 6993AFF31C91128C00668039 /* ImageHeaderView.xib */; };
		6993D0691B36F2EF0031A05F /* BaseViewController.swift in Sources */ = {isa = PBXBuildFile; fileRef = 6993D0641B36F2EF0031A05F /* BaseViewController.swift */; };
		6993D06B1B36F2EF0031A05F /* NearByListController.swift in Sources */ = {isa = PBXBuildFile; fileRef = 6993D0661B36F2EF0031A05F /* NearByListController.swift */; };
		6993D06C1B36F2EF0031A05F /* AddPropertyViewController.swift in Sources */ = {isa = PBXBuildFile; fileRef = 6993D0671B36F2EF0031A05F /* AddPropertyViewController.swift */; };
		6993D06F1B36F34A0031A05F /* BaseService.swift in Sources */ = {isa = PBXBuildFile; fileRef = 6993D06E1B36F34A0031A05F /* BaseService.swift */; };
		6993D0711B36F35A0031A05F /* BaseEntity.swift in Sources */ = {isa = PBXBuildFile; fileRef = 6993D0701B36F35A0031A05F /* BaseEntity.swift */; };
		6993D0731B36F3790031A05F /* UserService.swift in Sources */ = {isa = PBXBuildFile; fileRef = 6993D0721B36F3790031A05F /* UserService.swift */; };
		6993D0751B36F3B20031A05F /* LocationService.swift in Sources */ = {isa = PBXBuildFile; fileRef = 6993D0741B36F3B20031A05F /* LocationService.swift */; };
		6993D0771B36F3DE0031A05F /* EstateService.swift in Sources */ = {isa = PBXBuildFile; fileRef = 6993D0761B36F3DE0031A05F /* EstateService.swift */; };
		6993D0791B36F3F60031A05F /* User.swift in Sources */ = {isa = PBXBuildFile; fileRef = 6993D0781B36F3F60031A05F /* User.swift */; };
		6993D07C1B380D290031A05F /* NetworkManager.swift in Sources */ = {isa = PBXBuildFile; fileRef = 6993D07B1B380D290031A05F /* NetworkManager.swift */; };
		69A99F801C83DB8400C2A66E /* String.swift in Sources */ = {isa = PBXBuildFile; fileRef = 69A99F781C83DB8400C2A66E /* String.swift */; };
		69A99F811C83DB8400C2A66E /* UITableViewExtension.swift in Sources */ = {isa = PBXBuildFile; fileRef = 69A99F791C83DB8400C2A66E /* UITableViewExtension.swift */; };
		69A99F821C83DB8400C2A66E /* UIViewController.swift in Sources */ = {isa = PBXBuildFile; fileRef = 69A99F7A1C83DB8400C2A66E /* UIViewController.swift */; };
		69A99F831C83DB8400C2A66E /* UIImageView.swift in Sources */ = {isa = PBXBuildFile; fileRef = 69A99F7B1C83DB8400C2A66E /* UIImageView.swift */; };
		69A99F841C83DB8400C2A66E /* UIImage.swift in Sources */ = {isa = PBXBuildFile; fileRef = 69A99F7C1C83DB8400C2A66E /* UIImage.swift */; };
		69A99F851C83DB8400C2A66E /* UIView.swift in Sources */ = {isa = PBXBuildFile; fileRef = 69A99F7D1C83DB8400C2A66E /* UIView.swift */; };
		69A99F861C83DB8400C2A66E /* UIColor.swift in Sources */ = {isa = PBXBuildFile; fileRef = 69A99F7E1C83DB8400C2A66E /* UIColor.swift */; };
		69A99F871C83DB8400C2A66E /* UIApplication.swift in Sources */ = {isa = PBXBuildFile; fileRef = 69A99F7F1C83DB8400C2A66E /* UIApplication.swift */; };
		69AF41041CA3016F00949790 /* LoadingView.swift in Sources */ = {isa = PBXBuildFile; fileRef = 69AF40FF1CA3016F00949790 /* LoadingView.swift */; };
		69AF41051CA3016F00949790 /* LoadingView.xib in Resources */ = {isa = PBXBuildFile; fileRef = 69AF41001CA3016F00949790 /* LoadingView.xib */; };
		69AF41061CA3016F00949790 /* Spring.swift in Sources */ = {isa = PBXBuildFile; fileRef = 69AF41011CA3016F00949790 /* Spring.swift */; };
		69AF41071CA3016F00949790 /* SpringAnimation.swift in Sources */ = {isa = PBXBuildFile; fileRef = 69AF41021CA3016F00949790 /* SpringAnimation.swift */; };
		69AF41081CA3016F00949790 /* SpringView.swift in Sources */ = {isa = PBXBuildFile; fileRef = 69AF41031CA3016F00949790 /* SpringView.swift */; };
		69B199821CBE3F0600192B82 /* Alamofire.swift in Sources */ = {isa = PBXBuildFile; fileRef = 69B1996E1CBE3F0600192B82 /* Alamofire.swift */; };
		69B199831CBE3F0600192B82 /* Download.swift in Sources */ = {isa = PBXBuildFile; fileRef = 69B1996F1CBE3F0600192B82 /* Download.swift */; };
		69B199841CBE3F0600192B82 /* Error.swift in Sources */ = {isa = PBXBuildFile; fileRef = 69B199701CBE3F0600192B82 /* Error.swift */; };
		69B199851CBE3F0600192B82 /* Manager.swift in Sources */ = {isa = PBXBuildFile; fileRef = 69B199711CBE3F0600192B82 /* Manager.swift */; };
		69B199861CBE3F0600192B82 /* MultipartFormData.swift in Sources */ = {isa = PBXBuildFile; fileRef = 69B199721CBE3F0600192B82 /* MultipartFormData.swift */; };
		69B199871CBE3F0600192B82 /* NetworkReachabilityManager.swift in Sources */ = {isa = PBXBuildFile; fileRef = 69B199731CBE3F0600192B82 /* NetworkReachabilityManager.swift */; };
		69B199881CBE3F0600192B82 /* Notifications.swift in Sources */ = {isa = PBXBuildFile; fileRef = 69B199741CBE3F0600192B82 /* Notifications.swift */; };
		69B199891CBE3F0600192B82 /* ParameterEncoding.swift in Sources */ = {isa = PBXBuildFile; fileRef = 69B199751CBE3F0600192B82 /* ParameterEncoding.swift */; };
		69B1998A1CBE3F0600192B82 /* Request.swift in Sources */ = {isa = PBXBuildFile; fileRef = 69B199761CBE3F0600192B82 /* Request.swift */; };
		69B1998B1CBE3F0600192B82 /* Response.swift in Sources */ = {isa = PBXBuildFile; fileRef = 69B199771CBE3F0600192B82 /* Response.swift */; };
		69B1998C1CBE3F0600192B82 /* ResponseSerialization.swift in Sources */ = {isa = PBXBuildFile; fileRef = 69B199781CBE3F0600192B82 /* ResponseSerialization.swift */; };
		69B1998D1CBE3F0600192B82 /* Result.swift in Sources */ = {isa = PBXBuildFile; fileRef = 69B199791CBE3F0600192B82 /* Result.swift */; };
		69B1998E1CBE3F0600192B82 /* ServerTrustPolicy.swift in Sources */ = {isa = PBXBuildFile; fileRef = 69B1997A1CBE3F0600192B82 /* ServerTrustPolicy.swift */; };
		69B1998F1CBE3F0600192B82 /* Stream.swift in Sources */ = {isa = PBXBuildFile; fileRef = 69B1997B1CBE3F0600192B82 /* Stream.swift */; };
		69B199901CBE3F0600192B82 /* Timeline.swift in Sources */ = {isa = PBXBuildFile; fileRef = 69B1997C1CBE3F0600192B82 /* Timeline.swift */; };
		69B199911CBE3F0600192B82 /* Upload.swift in Sources */ = {isa = PBXBuildFile; fileRef = 69B1997D1CBE3F0600192B82 /* Upload.swift */; };
		69B199921CBE3F0600192B82 /* Validation.swift in Sources */ = {isa = PBXBuildFile; fileRef = 69B1997E1CBE3F0600192B82 /* Validation.swift */; };
		69B199931CBE3F0600192B82 /* SwiftSpinner.swift in Sources */ = {isa = PBXBuildFile; fileRef = 69B199811CBE3F0600192B82 /* SwiftSpinner.swift */; };
		69B199951CBE406400192B82 /* JSButton.swift in Sources */ = {isa = PBXBuildFile; fileRef = 69B199941CBE406400192B82 /* JSButton.swift */; };
		69CAA1E71CA7DABB0062EDE7 /* DetailViewController.swift in Sources */ = {isa = PBXBuildFile; fileRef = 69CAA1E61CA7DABB0062EDE7 /* DetailViewController.swift */; };
/* End PBXBuildFile section */

/* Begin PBXCopyFilesBuildPhase section */
		6993D0CC1B3909E00031A05F /* Copy Framework */ = {
			isa = PBXCopyFilesBuildPhase;
			buildActionMask = 2147483647;
			dstPath = "";
			dstSubfolderSpec = 10;
			files = (
			);
			name = "Copy Framework";
			runOnlyForDeploymentPostprocessing = 0;
		};
/* End PBXCopyFilesBuildPhase section */

/* Begin PBXFileReference section */
		6909A72F1D00180E00F65317 /* Location.swift */ = {isa = PBXFileReference; fileEncoding = 4; lastKnownFileType = sourcecode.swift; path = Location.swift; sourceTree = "<group>"; };
		6909A7311D003C3A00F65317 /* AutoCompleteTextField.swift */ = {isa = PBXFileReference; fileEncoding = 4; lastKnownFileType = sourcecode.swift; path = AutoCompleteTextField.swift; sourceTree = "<group>"; };
		691A81401BCC244B003AAA53 /* Property.swift */ = {isa = PBXFileReference; fileEncoding = 4; lastKnownFileType = sourcecode.swift; path = Property.swift; sourceTree = "<group>"; };
		691A81431BCC2A7B003AAA53 /* PropertyCell.swift */ = {isa = PBXFileReference; fileEncoding = 4; lastKnownFileType = sourcecode.swift; path = PropertyCell.swift; sourceTree = "<group>"; };
		691D6A5C1CA29D9600FC43E2 /* KeyboardListView.xib */ = {isa = PBXFileReference; fileEncoding = 4; lastKnownFileType = file.xib; path = KeyboardListView.xib; sourceTree = "<group>"; };
		691D6A5D1CA29D9600FC43E2 /* KeyboardListView.swift */ = {isa = PBXFileReference; fileEncoding = 4; lastKnownFileType = sourcecode.swift; path = KeyboardListView.swift; sourceTree = "<group>"; };
		691D6A601CA29E4800FC43E2 /* JSTextField.swift */ = {isa = PBXFileReference; fileEncoding = 4; lastKnownFileType = sourcecode.swift; path = JSTextField.swift; sourceTree = "<group>"; };
		692359181B470B34008BFB61 /* MapViewController.swift */ = {isa = PBXFileReference; fileEncoding = 4; lastKnownFileType = sourcecode.swift; path = MapViewController.swift; sourceTree = "<group>"; };
		6923591A1B47284F008BFB61 /* SettingControlView.swift */ = {isa = PBXFileReference; fileEncoding = 4; lastKnownFileType = sourcecode.swift; path = SettingControlView.swift; sourceTree = "<group>"; };
		6923591E1B472EDD008BFB61 /* MapKit.framework */ = {isa = PBXFileReference; lastKnownFileType = wrapper.framework; name = MapKit.framework; path = System/Library/Frameworks/MapKit.framework; sourceTree = SDKROOT; };
		692359201B473026008BFB61 /* Default-568h@2x.png */ = {isa = PBXFileReference; lastKnownFileType = image.png; name = "Default-568h@2x.png"; path = "../Default-568h@2x.png"; sourceTree = "<group>"; };
		692359221B473ABD008BFB61 /* LocationManager.swift */ = {isa = PBXFileReference; fileEncoding = 4; lastKnownFileType = sourcecode.swift; path = LocationManager.swift; sourceTree = "<group>"; };
		693E5D781CA6BC69004F3E34 /* Settings.swift */ = {isa = PBXFileReference; fileEncoding = 4; lastKnownFileType = sourcecode.swift; path = Settings.swift; sourceTree = "<group>"; };
		6954D6851C8C98310060EACA /* RangeSlider.swift */ = {isa = PBXFileReference; fileEncoding = 4; lastKnownFileType = sourcecode.swift; path = RangeSlider.swift; sourceTree = "<group>"; };
		6954D6861C8C98310060EACA /* JSMapView.swift */ = {isa = PBXFileReference; fileEncoding = 4; lastKnownFileType = sourcecode.swift; path = JSMapView.swift; sourceTree = "<group>"; };
		6954D6871C8C98310060EACA /* JSView.swift */ = {isa = PBXFileReference; fileEncoding = 4; lastKnownFileType = sourcecode.swift; path = JSView.swift; sourceTree = "<group>"; };
		6954D6881C8C98310060EACA /* JSSearchTableView.swift */ = {isa = PBXFileReference; fileEncoding = 4; lastKnownFileType = sourcecode.swift; path = JSSearchTableView.swift; sourceTree = "<group>"; };
		6954D6891C8C98310060EACA /* OverlayButton.swift */ = {isa = PBXFileReference; fileEncoding = 4; lastKnownFileType = sourcecode.swift; path = OverlayButton.swift; sourceTree = "<group>"; };
		6954D68A1C8C98310060EACA /* JSAlertView.swift */ = {isa = PBXFileReference; fileEncoding = 4; lastKnownFileType = sourcecode.swift; path = JSAlertView.swift; sourceTree = "<group>"; };
		6954D68B1C8C98310060EACA /* AsyncButton.swift */ = {isa = PBXFileReference; fileEncoding = 4; lastKnownFileType = sourcecode.swift; path = AsyncButton.swift; sourceTree = "<group>"; };
		6954D68C1C8C98310060EACA /* AsyncImageView.swift */ = {isa = PBXFileReference; fileEncoding = 4; lastKnownFileType = sourcecode.swift; path = AsyncImageView.swift; sourceTree = "<group>"; };
		6954D68D1C8C98310060EACA /* ImageLoader.swift */ = {isa = PBXFileReference; fileEncoding = 4; lastKnownFileType = sourcecode.swift; path = ImageLoader.swift; sourceTree = "<group>"; };
		6954D68E1C8C98310060EACA /* RangeSliderThumbLayer.swift */ = {isa = PBXFileReference; fileEncoding = 4; lastKnownFileType = sourcecode.swift; path = RangeSliderThumbLayer.swift; sourceTree = "<group>"; };
		6954D68F1C8C98310060EACA /* RangeSliderTrackLayer.swift */ = {isa = PBXFileReference; fileEncoding = 4; lastKnownFileType = sourcecode.swift; path = RangeSliderTrackLayer.swift; sourceTree = "<group>"; };
		69832B131B1483CD00059CD1 /* EstateApp.app */ = {isa = PBXFileReference; explicitFileType = wrapper.application; includeInIndex = 0; path = EstateApp.app; sourceTree = BUILT_PRODUCTS_DIR; };
		69832B171B1483CD00059CD1 /* Info.plist */ = {isa = PBXFileReference; lastKnownFileType = text.plist.xml; path = Info.plist; sourceTree = "<group>"; };
		69832B181B1483CD00059CD1 /* AppDelegate.swift */ = {isa = PBXFileReference; lastKnownFileType = sourcecode.swift; path = AppDelegate.swift; sourceTree = "<group>"; };
		69832B1D1B1483CD00059CD1 /* Base */ = {isa = PBXFileReference; lastKnownFileType = file.storyboard; name = Base; path = Base.lproj/Main.storyboard; sourceTree = "<group>"; };
		69832B1F1B1483CD00059CD1 /* Images.xcassets */ = {isa = PBXFileReference; lastKnownFileType = folder.assetcatalog; path = Images.xcassets; sourceTree = "<group>"; };
		69832B221B1483CD00059CD1 /* Base */ = {isa = PBXFileReference; lastKnownFileType = file.xib; name = Base; path = Base.lproj/LaunchScreen.xib; sourceTree = "<group>"; };
		69832B2D1B1483CD00059CD1 /* Info.plist */ = {isa = PBXFileReference; lastKnownFileType = text.plist.xml; path = Info.plist; sourceTree = "<group>"; };
		69832B2E1B1483CD00059CD1 /* EstateAppTests.swift */ = {isa = PBXFileReference; lastKnownFileType = sourcecode.swift; path = EstateAppTests.swift; sourceTree = "<group>"; };
		6993AFE31C910E3600668039 /* ExSlideMenuController.swift */ = {isa = PBXFileReference; fileEncoding = 4; lastKnownFileType = sourcecode.swift; path = ExSlideMenuController.swift; sourceTree = "<group>"; };
		6993AFE61C910E4200668039 /* SlideMenuController.swift */ = {isa = PBXFileReference; fileEncoding = 4; lastKnownFileType = sourcecode.swift; path = SlideMenuController.swift; sourceTree = "<group>"; };
		6993AFE81C91124100668039 /* BaseTableViewCell.swift */ = {isa = PBXFileReference; fileEncoding = 4; lastKnownFileType = sourcecode.swift; path = BaseTableViewCell.swift; sourceTree = "<group>"; };
		6993AFE91C91124100668039 /* DataTableViewCell.swift */ = {isa = PBXFileReference; fileEncoding = 4; lastKnownFileType = sourcecode.swift; path = DataTableViewCell.swift; sourceTree = "<group>"; };
		6993AFEA1C91124100668039 /* DataTableViewCell.xib */ = {isa = PBXFileReference; fileEncoding = 4; lastKnownFileType = file.xib; path = DataTableViewCell.xib; sourceTree = "<group>"; };
		6993AFF21C91128C00668039 /* ImageHeaderView.swift */ = {isa = PBXFileReference; fileEncoding = 4; lastKnownFileType = sourcecode.swift; path = ImageHeaderView.swift; sourceTree = "<group>"; };
		6993AFF31C91128C00668039 /* ImageHeaderView.xib */ = {isa = PBXFileReference; fileEncoding = 4; lastKnownFileType = file.xib; path = ImageHeaderView.xib; sourceTree = "<group>"; };
		6993D0641B36F2EF0031A05F /* BaseViewController.swift */ = {isa = PBXFileReference; fileEncoding = 4; lastKnownFileType = sourcecode.swift; path = BaseViewController.swift; sourceTree = "<group>"; };
		6993D0661B36F2EF0031A05F /* NearByListController.swift */ = {isa = PBXFileReference; fileEncoding = 4; lastKnownFileType = sourcecode.swift; path = NearByListController.swift; sourceTree = "<group>"; };
		6993D0671B36F2EF0031A05F /* AddPropertyViewController.swift */ = {isa = PBXFileReference; fileEncoding = 4; lastKnownFileType = sourcecode.swift; path = AddPropertyViewController.swift; sourceTree = "<group>"; };
		6993D06E1B36F34A0031A05F /* BaseService.swift */ = {isa = PBXFileReference; fileEncoding = 4; lastKnownFileType = sourcecode.swift; path = BaseService.swift; sourceTree = "<group>"; };
		6993D0701B36F35A0031A05F /* BaseEntity.swift */ = {isa = PBXFileReference; fileEncoding = 4; lastKnownFileType = sourcecode.swift; path = BaseEntity.swift; sourceTree = "<group>"; };
		6993D0721B36F3790031A05F /* UserService.swift */ = {isa = PBXFileReference; fileEncoding = 4; lastKnownFileType = sourcecode.swift; path = UserService.swift; sourceTree = "<group>"; };
		6993D0741B36F3B20031A05F /* LocationService.swift */ = {isa = PBXFileReference; fileEncoding = 4; lastKnownFileType = sourcecode.swift; path = LocationService.swift; sourceTree = "<group>"; };
		6993D0761B36F3DE0031A05F /* EstateService.swift */ = {isa = PBXFileReference; fileEncoding = 4; lastKnownFileType = sourcecode.swift; path = EstateService.swift; sourceTree = "<group>"; };
		6993D0781B36F3F60031A05F /* User.swift */ = {isa = PBXFileReference; fileEncoding = 4; lastKnownFileType = sourcecode.swift; path = User.swift; sourceTree = "<group>"; };
		6993D07B1B380D290031A05F /* NetworkManager.swift */ = {isa = PBXFileReference; fileEncoding = 4; lastKnownFileType = sourcecode.swift; path = NetworkManager.swift; sourceTree = "<group>"; };
		69A99F781C83DB8400C2A66E /* String.swift */ = {isa = PBXFileReference; fileEncoding = 4; lastKnownFileType = sourcecode.swift; path = String.swift; sourceTree = "<group>"; };
		69A99F791C83DB8400C2A66E /* UITableViewExtension.swift */ = {isa = PBXFileReference; fileEncoding = 4; lastKnownFileType = sourcecode.swift; path = UITableViewExtension.swift; sourceTree = "<group>"; };
		69A99F7A1C83DB8400C2A66E /* UIViewController.swift */ = {isa = PBXFileReference; fileEncoding = 4; lastKnownFileType = sourcecode.swift; path = UIViewController.swift; sourceTree = "<group>"; };
		69A99F7B1C83DB8400C2A66E /* UIImageView.swift */ = {isa = PBXFileReference; fileEncoding = 4; lastKnownFileType = sourcecode.swift; path = UIImageView.swift; sourceTree = "<group>"; };
		69A99F7C1C83DB8400C2A66E /* UIImage.swift */ = {isa = PBXFileReference; fileEncoding = 4; lastKnownFileType = sourcecode.swift; path = UIImage.swift; sourceTree = "<group>"; };
		69A99F7D1C83DB8400C2A66E /* UIView.swift */ = {isa = PBXFileReference; fileEncoding = 4; lastKnownFileType = sourcecode.swift; path = UIView.swift; sourceTree = "<group>"; };
		69A99F7E1C83DB8400C2A66E /* UIColor.swift */ = {isa = PBXFileReference; fileEncoding = 4; lastKnownFileType = sourcecode.swift; path = UIColor.swift; sourceTree = "<group>"; };
		69A99F7F1C83DB8400C2A66E /* UIApplication.swift */ = {isa = PBXFileReference; fileEncoding = 4; lastKnownFileType = sourcecode.swift; path = UIApplication.swift; sourceTree = "<group>"; };
		69AF40FF1CA3016F00949790 /* LoadingView.swift */ = {isa = PBXFileReference; fileEncoding = 4; lastKnownFileType = sourcecode.swift; path = LoadingView.swift; sourceTree = "<group>"; };
		69AF41001CA3016F00949790 /* LoadingView.xib */ = {isa = PBXFileReference; fileEncoding = 4; lastKnownFileType = file.xib; path = LoadingView.xib; sourceTree = "<group>"; };
		69AF41011CA3016F00949790 /* Spring.swift */ = {isa = PBXFileReference; fileEncoding = 4; lastKnownFileType = sourcecode.swift; path = Spring.swift; sourceTree = "<group>"; };
		69AF41021CA3016F00949790 /* SpringAnimation.swift */ = {isa = PBXFileReference; fileEncoding = 4; lastKnownFileType = sourcecode.swift; path = SpringAnimation.swift; sourceTree = "<group>"; };
		69AF41031CA3016F00949790 /* SpringView.swift */ = {isa = PBXFileReference; fileEncoding = 4; lastKnownFileType = sourcecode.swift; path = SpringView.swift; sourceTree = "<group>"; };
		69B1996E1CBE3F0600192B82 /* Alamofire.swift */ = {isa = PBXFileReference; fileEncoding = 4; lastKnownFileType = sourcecode.swift; path = Alamofire.swift; sourceTree = "<group>"; };
		69B1996F1CBE3F0600192B82 /* Download.swift */ = {isa = PBXFileReference; fileEncoding = 4; lastKnownFileType = sourcecode.swift; path = Download.swift; sourceTree = "<group>"; };
		69B199701CBE3F0600192B82 /* Error.swift */ = {isa = PBXFileReference; fileEncoding = 4; lastKnownFileType = sourcecode.swift; path = Error.swift; sourceTree = "<group>"; };
		69B199711CBE3F0600192B82 /* Manager.swift */ = {isa = PBXFileReference; fileEncoding = 4; lastKnownFileType = sourcecode.swift; path = Manager.swift; sourceTree = "<group>"; };
		69B199721CBE3F0600192B82 /* MultipartFormData.swift */ = {isa = PBXFileReference; fileEncoding = 4; lastKnownFileType = sourcecode.swift; path = MultipartFormData.swift; sourceTree = "<group>"; };
		69B199731CBE3F0600192B82 /* NetworkReachabilityManager.swift */ = {isa = PBXFileReference; fileEncoding = 4; lastKnownFileType = sourcecode.swift; path = NetworkReachabilityManager.swift; sourceTree = "<group>"; };
		69B199741CBE3F0600192B82 /* Notifications.swift */ = {isa = PBXFileReference; fileEncoding = 4; lastKnownFileType = sourcecode.swift; path = Notifications.swift; sourceTree = "<group>"; };
		69B199751CBE3F0600192B82 /* ParameterEncoding.swift */ = {isa = PBXFileReference; fileEncoding = 4; lastKnownFileType = sourcecode.swift; path = ParameterEncoding.swift; sourceTree = "<group>"; };
		69B199761CBE3F0600192B82 /* Request.swift */ = {isa = PBXFileReference; fileEncoding = 4; lastKnownFileType = sourcecode.swift; path = Request.swift; sourceTree = "<group>"; };
		69B199771CBE3F0600192B82 /* Response.swift */ = {isa = PBXFileReference; fileEncoding = 4; lastKnownFileType = sourcecode.swift; path = Response.swift; sourceTree = "<group>"; };
		69B199781CBE3F0600192B82 /* ResponseSerialization.swift */ = {isa = PBXFileReference; fileEncoding = 4; lastKnownFileType = sourcecode.swift; path = ResponseSerialization.swift; sourceTree = "<group>"; };
		69B199791CBE3F0600192B82 /* Result.swift */ = {isa = PBXFileReference; fileEncoding = 4; lastKnownFileType = sourcecode.swift; path = Result.swift; sourceTree = "<group>"; };
		69B1997A1CBE3F0600192B82 /* ServerTrustPolicy.swift */ = {isa = PBXFileReference; fileEncoding = 4; lastKnownFileType = sourcecode.swift; path = ServerTrustPolicy.swift; sourceTree = "<group>"; };
		69B1997B1CBE3F0600192B82 /* Stream.swift */ = {isa = PBXFileReference; fileEncoding = 4; lastKnownFileType = sourcecode.swift; path = Stream.swift; sourceTree = "<group>"; };
		69B1997C1CBE3F0600192B82 /* Timeline.swift */ = {isa = PBXFileReference; fileEncoding = 4; lastKnownFileType = sourcecode.swift; path = Timeline.swift; sourceTree = "<group>"; };
		69B1997D1CBE3F0600192B82 /* Upload.swift */ = {isa = PBXFileReference; fileEncoding = 4; lastKnownFileType = sourcecode.swift; path = Upload.swift; sourceTree = "<group>"; };
		69B1997E1CBE3F0600192B82 /* Validation.swift */ = {isa = PBXFileReference; fileEncoding = 4; lastKnownFileType = sourcecode.swift; path = Validation.swift; sourceTree = "<group>"; };
		69B199811CBE3F0600192B82 /* SwiftSpinner.swift */ = {isa = PBXFileReference; fileEncoding = 4; lastKnownFileType = sourcecode.swift; path = SwiftSpinner.swift; sourceTree = "<group>"; };
		69B199941CBE406400192B82 /* JSButton.swift */ = {isa = PBXFileReference; fileEncoding = 4; lastKnownFileType = sourcecode.swift; path = JSButton.swift; sourceTree = "<group>"; };
		69CAA1E61CA7DABB0062EDE7 /* DetailViewController.swift */ = {isa = PBXFileReference; fileEncoding = 4; lastKnownFileType = sourcecode.swift; path = DetailViewController.swift; sourceTree = "<group>"; };
/* End PBXFileReference section */

/* Begin PBXFrameworksBuildPhase section */
		69832B101B1483CD00059CD1 /* Frameworks */ = {
			isa = PBXFrameworksBuildPhase;
			buildActionMask = 2147483647;
			files = (
				6923591F1B472EDD008BFB61 /* MapKit.framework in Frameworks */,
			);
			runOnlyForDeploymentPostprocessing = 0;
		};
/* End PBXFrameworksBuildPhase section */

/* Begin PBXGroup section */
		691A81421BCC2A69003AAA53 /* Cells */ = {
			isa = PBXGroup;
			children = (
				6993AFE81C91124100668039 /* BaseTableViewCell.swift */,
				6993AFE91C91124100668039 /* DataTableViewCell.swift */,
				6993AFEA1C91124100668039 /* DataTableViewCell.xib */,
				691A81431BCC2A7B003AAA53 /* PropertyCell.swift */,
			);
			path = Cells;
			sourceTree = "<group>";
		};
		69832B0A1B1483CD00059CD1 = {
			isa = PBXGroup;
			children = (
				69832B151B1483CD00059CD1 /* EstateApp */,
				69832B2B1B1483CD00059CD1 /* EstateAppTests */,
				69832B141B1483CD00059CD1 /* Products */,
			);
			sourceTree = "<group>";
		};
		69832B141B1483CD00059CD1 /* Products */ = {
			isa = PBXGroup;
			children = (
				69832B131B1483CD00059CD1 /* EstateApp.app */,
			);
			name = Products;
			sourceTree = "<group>";
		};
		69832B151B1483CD00059CD1 /* EstateApp */ = {
			isa = PBXGroup;
			children = (
				69832B181B1483CD00059CD1 /* AppDelegate.swift */,
				693E5D781CA6BC69004F3E34 /* Settings.swift */,
				6993D05E1B36F2EF0031A05F /* Classes */,
				69832B1C1B1483CD00059CD1 /* Main.storyboard */,
				69832B1F1B1483CD00059CD1 /* Images.xcassets */,
				69832B211B1483CD00059CD1 /* LaunchScreen.xib */,
				69832B161B1483CD00059CD1 /* Supporting Files */,
			);
			path = EstateApp;
			sourceTree = "<group>";
		};
		69832B161B1483CD00059CD1 /* Supporting Files */ = {
			isa = PBXGroup;
			children = (
				692359201B473026008BFB61 /* Default-568h@2x.png */,
				6923591E1B472EDD008BFB61 /* MapKit.framework */,
				69832B171B1483CD00059CD1 /* Info.plist */,
			);
			name = "Supporting Files";
			sourceTree = "<group>";
		};
		69832B2B1B1483CD00059CD1 /* EstateAppTests */ = {
			isa = PBXGroup;
			children = (
				69832B2E1B1483CD00059CD1 /* EstateAppTests.swift */,
				69832B2C1B1483CD00059CD1 /* Supporting Files */,
			);
			path = EstateAppTests;
			sourceTree = "<group>";
		};
		69832B2C1B1483CD00059CD1 /* Supporting Files */ = {
			isa = PBXGroup;
			children = (
				69832B2D1B1483CD00059CD1 /* Info.plist */,
			);
			name = "Supporting Files";
			sourceTree = "<group>";
		};
		6993D05E1B36F2EF0031A05F /* Classes */ = {
			isa = PBXGroup;
			children = (
				69A99F771C83DB7800C2A66E /* Extensions */,
				691A81421BCC2A69003AAA53 /* Cells */,
				6993D07A1B380D080031A05F /* Manager */,
				6993D05F1B36F2EF0031A05F /* ExternalLibs */,
				6993D0601B36F2EF0031A05F /* Models */,
				6993D0611B36F2EF0031A05F /* Services */,
				6993D0621B36F2EF0031A05F /* SubViews */,
				6993D0631B36F2EF0031A05F /* ViewControllers */,
			);
			path = Classes;
			sourceTree = "<group>";
		};
		6993D05F1B36F2EF0031A05F /* ExternalLibs */ = {
			isa = PBXGroup;
			children = (
				69B1996C1CBE3F0600192B82 /* Alamofire */,
				69B1997F1CBE3F0600192B82 /* SwiftSpinner */,
				6993AFE61C910E4200668039 /* SlideMenuController.swift */,
				6954D6851C8C98310060EACA /* RangeSlider.swift */,
				6954D6861C8C98310060EACA /* JSMapView.swift */,
				6954D6871C8C98310060EACA /* JSView.swift */,
				6954D6881C8C98310060EACA /* JSSearchTableView.swift */,
				6954D6891C8C98310060EACA /* OverlayButton.swift */,
				6954D68A1C8C98310060EACA /* JSAlertView.swift */,
				69B199941CBE406400192B82 /* JSButton.swift */,
				6954D68B1C8C98310060EACA /* AsyncButton.swift */,
				6954D68C1C8C98310060EACA /* AsyncImageView.swift */,
				6954D68D1C8C98310060EACA /* ImageLoader.swift */,
				6954D68E1C8C98310060EACA /* RangeSliderThumbLayer.swift */,
				6954D68F1C8C98310060EACA /* RangeSliderTrackLayer.swift */,
				691D6A601CA29E4800FC43E2 /* JSTextField.swift */,
				6909A7311D003C3A00F65317 /* AutoCompleteTextField.swift */,
			);
			path = ExternalLibs;
			sourceTree = "<group>";
		};
		6993D0601B36F2EF0031A05F /* Models */ = {
			isa = PBXGroup;
			children = (
				6993D0701B36F35A0031A05F /* BaseEntity.swift */,
				6993D0781B36F3F60031A05F /* User.swift */,
				691A81401BCC244B003AAA53 /* Property.swift */,
				6909A72F1D00180E00F65317 /* Location.swift */,
			);
			path = Models;
			sourceTree = "<group>";
		};
		6993D0611B36F2EF0031A05F /* Services */ = {
			isa = PBXGroup;
			children = (
				6993D06E1B36F34A0031A05F /* BaseService.swift */,
				6993D0721B36F3790031A05F /* UserService.swift */,
				6993D0741B36F3B20031A05F /* LocationService.swift */,
				6993D0761B36F3DE0031A05F /* EstateService.swift */,
			);
			path = Services;
			sourceTree = "<group>";
		};
		6993D0621B36F2EF0031A05F /* SubViews */ = {
			isa = PBXGroup;
			children = (
				69AF40FE1CA3016F00949790 /* LoadingView */,
				6993AFF21C91128C00668039 /* ImageHeaderView.swift */,
				691D6A5C1CA29D9600FC43E2 /* KeyboardListView.xib */,
				691D6A5D1CA29D9600FC43E2 /* KeyboardListView.swift */,
				6993AFF31C91128C00668039 /* ImageHeaderView.xib */,
				6923591A1B47284F008BFB61 /* SettingControlView.swift */,
			);
			path = SubViews;
			sourceTree = "<group>";
		};
		6993D0631B36F2EF0031A05F /* ViewControllers */ = {
			isa = PBXGroup;
			children = (
				6993AFE31C910E3600668039 /* ExSlideMenuController.swift */,
				6993D0641B36F2EF0031A05F /* BaseViewController.swift */,
				6993D0671B36F2EF0031A05F /* AddPropertyViewController.swift */,
				692359181B470B34008BFB61 /* MapViewController.swift */,
				6993D0661B36F2EF0031A05F /* NearByListController.swift */,
				69CAA1E61CA7DABB0062EDE7 /* DetailViewController.swift */,
			);
			path = ViewControllers;
			sourceTree = "<group>";
		};
		6993D07A1B380D080031A05F /* Manager */ = {
			isa = PBXGroup;
			children = (
				692359221B473ABD008BFB61 /* LocationManager.swift */,
				6993D07B1B380D290031A05F /* NetworkManager.swift */,
			);
			path = Manager;
			sourceTree = "<group>";
		};
		69A99F771C83DB7800C2A66E /* Extensions */ = {
			isa = PBXGroup;
			children = (
				69A99F781C83DB8400C2A66E /* String.swift */,
				69A99F791C83DB8400C2A66E /* UITableViewExtension.swift */,
				69A99F7A1C83DB8400C2A66E /* UIViewController.swift */,
				69A99F7B1C83DB8400C2A66E /* UIImageView.swift */,
				69A99F7C1C83DB8400C2A66E /* UIImage.swift */,
				69A99F7D1C83DB8400C2A66E /* UIView.swift */,
				69A99F7E1C83DB8400C2A66E /* UIColor.swift */,
				69A99F7F1C83DB8400C2A66E /* UIApplication.swift */,
			);
			path = Extensions;
			sourceTree = "<group>";
		};
		69AF40FE1CA3016F00949790 /* LoadingView */ = {
			isa = PBXGroup;
			children = (
				69AF40FF1CA3016F00949790 /* LoadingView.swift */,
				69AF41001CA3016F00949790 /* LoadingView.xib */,
				69AF41011CA3016F00949790 /* Spring.swift */,
				69AF41021CA3016F00949790 /* SpringAnimation.swift */,
				69AF41031CA3016F00949790 /* SpringView.swift */,
			);
			path = LoadingView;
			sourceTree = "<group>";
		};
		69B1996C1CBE3F0600192B82 /* Alamofire */ = {
			isa = PBXGroup;
			children = (
				69B1996E1CBE3F0600192B82 /* Alamofire.swift */,
				69B1996F1CBE3F0600192B82 /* Download.swift */,
				69B199701CBE3F0600192B82 /* Error.swift */,
				69B199711CBE3F0600192B82 /* Manager.swift */,
				69B199721CBE3F0600192B82 /* MultipartFormData.swift */,
				69B199731CBE3F0600192B82 /* NetworkReachabilityManager.swift */,
				69B199741CBE3F0600192B82 /* Notifications.swift */,
				69B199751CBE3F0600192B82 /* ParameterEncoding.swift */,
				69B199761CBE3F0600192B82 /* Request.swift */,
				69B199771CBE3F0600192B82 /* Response.swift */,
				69B199781CBE3F0600192B82 /* ResponseSerialization.swift */,
				69B199791CBE3F0600192B82 /* Result.swift */,
				69B1997A1CBE3F0600192B82 /* ServerTrustPolicy.swift */,
				69B1997B1CBE3F0600192B82 /* Stream.swift */,
				69B1997C1CBE3F0600192B82 /* Timeline.swift */,
				69B1997D1CBE3F0600192B82 /* Upload.swift */,
				69B1997E1CBE3F0600192B82 /* Validation.swift */,
			);
			path = Alamofire;
			sourceTree = "<group>";
		};
		69B1997F1CBE3F0600192B82 /* SwiftSpinner */ = {
			isa = PBXGroup;
			children = (
				69B199811CBE3F0600192B82 /* SwiftSpinner.swift */,
			);
			path = SwiftSpinner;
			sourceTree = "<group>";
		};
/* End PBXGroup section */

/* Begin PBXNativeTarget section */
		69832B121B1483CD00059CD1 /* EstateApp */ = {
			isa = PBXNativeTarget;
			buildConfigurationList = 69832B321B1483CD00059CD1 /* Build configuration list for PBXNativeTarget "EstateApp" */;
			buildPhases = (
				69832B0F1B1483CD00059CD1 /* Sources */,
				69832B101B1483CD00059CD1 /* Frameworks */,
				69832B111B1483CD00059CD1 /* Resources */,
				6993D0CC1B3909E00031A05F /* Copy Framework */,
			);
			buildRules = (
			);
			dependencies = (
			);
			name = EstateApp;
			productName = EstateApp;
			productReference = 69832B131B1483CD00059CD1 /* EstateApp.app */;
			productType = "com.apple.product-type.application";
		};
/* End PBXNativeTarget section */

/* Begin PBXProject section */
		69832B0B1B1483CD00059CD1 /* Project object */ = {
			isa = PBXProject;
			attributes = {
				LastSwiftUpdateCheck = 0700;
				LastUpgradeCheck = 0810;
				ORGANIZATIONNAME = "Waqar Ahsan";
				TargetAttributes = {
					69832B121B1483CD00059CD1 = {
						CreatedOnToolsVersion = 6.3;
						DevelopmentTeam = E34JX73ZT2;
						LastSwiftMigration = 0810;
						ProvisioningStyle = Manual;
					};
				};
			};
			buildConfigurationList = 69832B0E1B1483CD00059CD1 /* Build configuration list for PBXProject "EstateApp" */;
			compatibilityVersion = "Xcode 3.2";
			developmentRegion = English;
			hasScannedForEncodings = 0;
			knownRegions = (
				en,
				Base,
			);
			mainGroup = 69832B0A1B1483CD00059CD1;
			productRefGroup = 69832B141B1483CD00059CD1 /* Products */;
			projectDirPath = "";
			projectRoot = "";
			targets = (
				69832B121B1483CD00059CD1 /* EstateApp */,
			);
		};
/* End PBXProject section */

/* Begin PBXResourcesBuildPhase section */
		69832B111B1483CD00059CD1 /* Resources */ = {
			isa = PBXResourcesBuildPhase;
			buildActionMask = 2147483647;
			files = (
				69832B1E1B1483CD00059CD1 /* Main.storyboard in Resources */,
				6993AFED1C91124100668039 /* DataTableViewCell.xib in Resources */,
				6993AFF51C91128C00668039 /* ImageHeaderView.xib in Resources */,
				69832B231B1483CD00059CD1 /* LaunchScreen.xib in Resources */,
				691D6A5E1CA29D9600FC43E2 /* KeyboardListView.xib in Resources */,
				69AF41051CA3016F00949790 /* LoadingView.xib in Resources */,
				692359211B473026008BFB61 /* Default-568h@2x.png in Resources */,
				69832B201B1483CD00059CD1 /* Images.xcassets in Resources */,
			);
			runOnlyForDeploymentPostprocessing = 0;
		};
/* End PBXResourcesBuildPhase section */

/* Begin PBXSourcesBuildPhase section */
		69832B0F1B1483CD00059CD1 /* Sources */ = {
			isa = PBXSourcesBuildPhase;
			buildActionMask = 2147483647;
			files = (
				6954D6911C8C98310060EACA /* JSMapView.swift in Sources */,
				69A99F871C83DB8400C2A66E /* UIApplication.swift in Sources */,
				69A99F821C83DB8400C2A66E /* UIViewController.swift in Sources */,
				6993AFF41C91128C00668039 /* ImageHeaderView.swift in Sources */,
				69832B191B1483CD00059CD1 /* AppDelegate.swift in Sources */,
				6993AFEB1C91124100668039 /* BaseTableViewCell.swift in Sources */,
				69B1998D1CBE3F0600192B82 /* Result.swift in Sources */,
				6993D0691B36F2EF0031A05F /* BaseViewController.swift in Sources */,
				69B199851CBE3F0600192B82 /* Manager.swift in Sources */,
				6993AFE41C910E3600668039 /* ExSlideMenuController.swift in Sources */,
				69AF41041CA3016F00949790 /* LoadingView.swift in Sources */,
				691D6A5F1CA29D9600FC43E2 /* KeyboardListView.swift in Sources */,
				69B199911CBE3F0600192B82 /* Upload.swift in Sources */,
				6954D6901C8C98310060EACA /* RangeSlider.swift in Sources */,
				691D6A611CA29E4800FC43E2 /* JSTextField.swift in Sources */,
				6923591B1B47284F008BFB61 /* SettingControlView.swift in Sources */,
				6954D6981C8C98310060EACA /* ImageLoader.swift in Sources */,
				69B199931CBE3F0600192B82 /* SwiftSpinner.swift in Sources */,
				6993D0751B36F3B20031A05F /* LocationService.swift in Sources */,
				69AF41071CA3016F00949790 /* SpringAnimation.swift in Sources */,
				692359231B473ABD008BFB61 /* LocationManager.swift in Sources */,
				691A81441BCC2A7B003AAA53 /* PropertyCell.swift in Sources */,
				6909A7301D00180E00F65317 /* Location.swift in Sources */,
				6954D6991C8C98310060EACA /* RangeSliderThumbLayer.swift in Sources */,
				6954D69A1C8C98310060EACA /* RangeSliderTrackLayer.swift in Sources */,
				69A99F851C83DB8400C2A66E /* UIView.swift in Sources */,
				6954D6961C8C98310060EACA /* AsyncButton.swift in Sources */,
				6993D07C1B380D290031A05F /* NetworkManager.swift in Sources */,
				6954D6971C8C98310060EACA /* AsyncImageView.swift in Sources */,
				6993D0731B36F3790031A05F /* UserService.swift in Sources */,
				69B199861CBE3F0600192B82 /* MultipartFormData.swift in Sources */,
				6993D06B1B36F2EF0031A05F /* NearByListController.swift in Sources */,
				69B199871CBE3F0600192B82 /* NetworkReachabilityManager.swift in Sources */,
				6993AFE71C910E4200668039 /* SlideMenuController.swift in Sources */,
				69B1998F1CBE3F0600192B82 /* Stream.swift in Sources */,
				69B199821CBE3F0600192B82 /* Alamofire.swift in Sources */,
				69B1998A1CBE3F0600192B82 /* Request.swift in Sources */,
				6954D6921C8C98310060EACA /* JSView.swift in Sources */,
				6993AFEC1C91124100668039 /* DataTableViewCell.swift in Sources */,
				69B199901CBE3F0600192B82 /* Timeline.swift in Sources */,
				6993D0711B36F35A0031A05F /* BaseEntity.swift in Sources */,
				691A81411BCC244B003AAA53 /* Property.swift in Sources */,
				69B199881CBE3F0600192B82 /* Notifications.swift in Sources */,
				69A99F831C83DB8400C2A66E /* UIImageView.swift in Sources */,
				6993D0771B36F3DE0031A05F /* EstateService.swift in Sources */,
				69B199921CBE3F0600192B82 /* Validation.swift in Sources */,
				69A99F841C83DB8400C2A66E /* UIImage.swift in Sources */,
				69A99F861C83DB8400C2A66E /* UIColor.swift in Sources */,
				6909A7321D003C3A00F65317 /* AutoCompleteTextField.swift in Sources */,
				69A99F801C83DB8400C2A66E /* String.swift in Sources */,
				6954D6941C8C98310060EACA /* OverlayButton.swift in Sources */,
				69B199891CBE3F0600192B82 /* ParameterEncoding.swift in Sources */,
				6954D6931C8C98310060EACA /* JSSearchTableView.swift in Sources */,
				69B1998C1CBE3F0600192B82 /* ResponseSerialization.swift in Sources */,
				69B199831CBE3F0600192B82 /* Download.swift in Sources */,
				69AF41061CA3016F00949790 /* Spring.swift in Sources */,
				69CAA1E71CA7DABB0062EDE7 /* DetailViewController.swift in Sources */,
				69B1998B1CBE3F0600192B82 /* Response.swift in Sources */,
				69A99F811C83DB8400C2A66E /* UITableViewExtension.swift in Sources */,
				69B199841CBE3F0600192B82 /* Error.swift in Sources */,
				69B1998E1CBE3F0600192B82 /* ServerTrustPolicy.swift in Sources */,
				693E5D791CA6BC69004F3E34 /* Settings.swift in Sources */,
				69AF41081CA3016F00949790 /* SpringView.swift in Sources */,
				6993D06C1B36F2EF0031A05F /* AddPropertyViewController.swift in Sources */,
				6993D0791B36F3F60031A05F /* User.swift in Sources */,
				6993D06F1B36F34A0031A05F /* BaseService.swift in Sources */,
				6954D6951C8C98310060EACA /* JSAlertView.swift in Sources */,
				69B199951CBE406400192B82 /* JSButton.swift in Sources */,
				692359191B470B34008BFB61 /* MapViewController.swift in Sources */,
			);
			runOnlyForDeploymentPostprocessing = 0;
		};
/* End PBXSourcesBuildPhase section */

/* Begin PBXVariantGroup section */
		69832B1C1B1483CD00059CD1 /* Main.storyboard */ = {
			isa = PBXVariantGroup;
			children = (
				69832B1D1B1483CD00059CD1 /* Base */,
			);
			name = Main.storyboard;
			sourceTree = "<group>";
		};
		69832B211B1483CD00059CD1 /* LaunchScreen.xib */ = {
			isa = PBXVariantGroup;
			children = (
				69832B221B1483CD00059CD1 /* Base */,
			);
			name = LaunchScreen.xib;
			sourceTree = "<group>";
		};
/* End PBXVariantGroup section */

/* Begin XCBuildConfiguration section */
		69832B301B1483CD00059CD1 /* Debug */ = {
			isa = XCBuildConfiguration;
			buildSettings = {
				ALWAYS_SEARCH_USER_PATHS = NO;
				CLANG_CXX_LANGUAGE_STANDARD = "gnu++0x";
				CLANG_CXX_LIBRARY = "libc++";
				CLANG_ENABLE_MODULES = YES;
				CLANG_ENABLE_OBJC_ARC = YES;
				CLANG_WARN_BOOL_CONVERSION = YES;
				CLANG_WARN_CONSTANT_CONVERSION = YES;
				CLANG_WARN_DIRECT_OBJC_ISA_USAGE = YES_ERROR;
				CLANG_WARN_EMPTY_BODY = YES;
				CLANG_WARN_ENUM_CONVERSION = YES;
				CLANG_WARN_INFINITE_RECURSION = YES;
				CLANG_WARN_INT_CONVERSION = YES;
				CLANG_WARN_OBJC_ROOT_CLASS = YES_ERROR;
				CLANG_WARN_SUSPICIOUS_MOVE = YES;
				CLANG_WARN_UNREACHABLE_CODE = YES;
				CLANG_WARN__DUPLICATE_METHOD_MATCH = YES;
				COPY_PHASE_STRIP = NO;
				DEBUG_INFORMATION_FORMAT = "dwarf-with-dsym";
				ENABLE_STRICT_OBJC_MSGSEND = YES;
				ENABLE_TESTABILITY = YES;
				GCC_C_LANGUAGE_STANDARD = gnu99;
				GCC_DYNAMIC_NO_PIC = NO;
				GCC_NO_COMMON_BLOCKS = YES;
				GCC_OPTIMIZATION_LEVEL = 0;
				GCC_PREPROCESSOR_DEFINITIONS = (
					"DEBUG=1",
					"$(inherited)",
				);
				GCC_SYMBOLS_PRIVATE_EXTERN = NO;
				GCC_WARN_64_TO_32_BIT_CONVERSION = YES;
				GCC_WARN_ABOUT_RETURN_TYPE = YES_ERROR;
				GCC_WARN_UNDECLARED_SELECTOR = YES;
				GCC_WARN_UNINITIALIZED_AUTOS = YES_AGGRESSIVE;
				GCC_WARN_UNUSED_FUNCTION = YES;
				GCC_WARN_UNUSED_VARIABLE = YES;
				IPHONEOS_DEPLOYMENT_TARGET = 8.3;
				MTL_ENABLE_DEBUG_INFO = YES;
				ONLY_ACTIVE_ARCH = YES;
				SDKROOT = iphoneos;
				SWIFT_OPTIMIZATION_LEVEL = "-Onone";
			};
			name = Debug;
		};
		69832B311B1483CD00059CD1 /* Release */ = {
			isa = XCBuildConfiguration;
			buildSettings = {
				ALWAYS_SEARCH_USER_PATHS = NO;
				CLANG_CXX_LANGUAGE_STANDARD = "gnu++0x";
				CLANG_CXX_LIBRARY = "libc++";
				CLANG_ENABLE_MODULES = YES;
				CLANG_ENABLE_OBJC_ARC = YES;
				CLANG_WARN_BOOL_CONVERSION = YES;
				CLANG_WARN_CONSTANT_CONVERSION = YES;
				CLANG_WARN_DIRECT_OBJC_ISA_USAGE = YES_ERROR;
				CLANG_WARN_EMPTY_BODY = YES;
				CLANG_WARN_ENUM_CONVERSION = YES;
				CLANG_WARN_INFINITE_RECURSION = YES;
				CLANG_WARN_INT_CONVERSION = YES;
				CLANG_WARN_OBJC_ROOT_CLASS = YES_ERROR;
				CLANG_WARN_SUSPICIOUS_MOVE = YES;
				CLANG_WARN_UNREACHABLE_CODE = YES;
				CLANG_WARN__DUPLICATE_METHOD_MATCH = YES;
				COPY_PHASE_STRIP = NO;
				DEBUG_INFORMATION_FORMAT = "dwarf-with-dsym";
				ENABLE_NS_ASSERTIONS = NO;
				ENABLE_STRICT_OBJC_MSGSEND = YES;
				GCC_C_LANGUAGE_STANDARD = gnu99;
				GCC_NO_COMMON_BLOCKS = YES;
				GCC_WARN_64_TO_32_BIT_CONVERSION = YES;
				GCC_WARN_ABOUT_RETURN_TYPE = YES_ERROR;
				GCC_WARN_UNDECLARED_SELECTOR = YES;
				GCC_WARN_UNINITIALIZED_AUTOS = YES_AGGRESSIVE;
				GCC_WARN_UNUSED_FUNCTION = YES;
				GCC_WARN_UNUSED_VARIABLE = YES;
				IPHONEOS_DEPLOYMENT_TARGET = 8.3;
				MTL_ENABLE_DEBUG_INFO = NO;
				SDKROOT = iphoneos;
				SWIFT_OPTIMIZATION_LEVEL = "-Owholemodule";
				VALIDATE_PRODUCT = YES;
			};
			name = Release;
		};
		69832B331B1483CD00059CD1 /* Debug */ = {
			isa = XCBuildConfiguration;
			buildSettings = {
				ALWAYS_EMBED_SWIFT_STANDARD_LIBRARIES = YES;
				ASSETCATALOG_COMPILER_APPICON_NAME = AppIcon;
				"CODE_SIGN_IDENTITY[sdk=iphoneos*]" = "iPhone Developer";
				DEVELOPMENT_TEAM = E34JX73ZT2;
				INFOPLIST_FILE = EstateApp/Info.plist;
				IPHONEOS_DEPLOYMENT_TARGET = 8.0;
				LD_RUNPATH_SEARCH_PATHS = "$(inherited) @executable_path/Frameworks";
				PRODUCT_BUNDLE_IDENTIFIER = "waqar.estate.app.$(PRODUCT_NAME:rfc1034identifier)";
				PRODUCT_NAME = "$(TARGET_NAME)";
				PROVISIONING_PROFILE = "cdbd4f62-92af-4827-8a80-fe7cc08ec6e0";
				PROVISIONING_PROFILE_SPECIFIER = "Dev Test App";
				SWIFT_VERSION = 2.3;
			};
			name = Debug;
		};
		69832B341B1483CD00059CD1 /* Release */ = {
			isa = XCBuildConfiguration;
			buildSettings = {
				ALWAYS_EMBED_SWIFT_STANDARD_LIBRARIES = YES;
				ASSETCATALOG_COMPILER_APPICON_NAME = AppIcon;
				"CODE_SIGN_IDENTITY[sdk=iphoneos*]" = "iPhone Developer";
				DEVELOPMENT_TEAM = E34JX73ZT2;
				INFOPLIST_FILE = EstateApp/Info.plist;
				IPHONEOS_DEPLOYMENT_TARGET = 8.0;
				LD_RUNPATH_SEARCH_PATHS = "$(inherited) @executable_path/Frameworks";
				PRODUCT_BUNDLE_IDENTIFIER = "waqar.estate.app.$(PRODUCT_NAME:rfc1034identifier)";
				PRODUCT_NAME = "$(TARGET_NAME)";
				PROVISIONING_PROFILE = "cdbd4f62-92af-4827-8a80-fe7cc08ec6e0";
				PROVISIONING_PROFILE_SPECIFIER = "Dev Test App";
				SWIFT_VERSION = 2.3;
			};
			name = Release;
		};
/* End XCBuildConfiguration section */

/* Begin XCConfigurationList section */
		69832B0E1B1483CD00059CD1 /* Build configuration list for PBXProject "EstateApp" */ = {
			isa = XCConfigurationList;
			buildConfigurations = (
				69832B301B1483CD00059CD1 /* Debug */,
				69832B311B1483CD00059CD1 /* Release */,
			);
			defaultConfigurationIsVisible = 0;
			defaultConfigurationName = Release;
		};
		69832B321B1483CD00059CD1 /* Build configuration list for PBXNativeTarget "EstateApp" */ = {
			isa = XCConfigurationList;
			buildConfigurations = (
				69832B331B1483CD00059CD1 /* Debug */,
				69832B341B1483CD00059CD1 /* Release */,
			);
			defaultConfigurationIsVisible = 0;
			defaultConfigurationName = Release;
		};
/* End XCConfigurationList section */
	};
	rootObject = 69832B0B1B1483CD00059CD1 /* Project object */;
}
